// !$*UTF8*$!
{
	archiveVersion = 1;
	classes = {
	};
	objectVersion = 51;
	objects = {

/* Begin PBXBuildFile section */
		1C11B7AADA85DBF54218526C /* Pods_Marvel_APP_Marvel_APPUITests.framework in Frameworks */ = {isa = PBXBuildFile; fileRef = 1C97E33C5B141DD23A14B098 /* Pods_Marvel_APP_Marvel_APPUITests.framework */; };
		262372FF7B7851FFCCEF2B2F /* Pods_Marvel_APPTests.framework in Frameworks */ = {isa = PBXBuildFile; fileRef = F78825354EA1A16DBADE25A9 /* Pods_Marvel_APPTests.framework */; };
		894A0E698417175C38061FE3 /* Pods_Marvel_APP.framework in Frameworks */ = {isa = PBXBuildFile; fileRef = F8B18AEA37406A833C95EA53 /* Pods_Marvel_APP.framework */; };
		F43C1E392607D7DD00A0BA8D /* LoginViewController.swift in Sources */ = {isa = PBXBuildFile; fileRef = F43C1E382607D7DD00A0BA8D /* LoginViewController.swift */; };
		F43C1E4F2607DD5E00A0BA8D /* ComicsCell.xib in Resources */ = {isa = PBXBuildFile; fileRef = F43C1E4E2607DD5E00A0BA8D /* ComicsCell.xib */; };
		F43C1E542607E0B300A0BA8D /* ComicsTableViewCell.swift in Sources */ = {isa = PBXBuildFile; fileRef = F43C1E532607E0B300A0BA8D /* ComicsTableViewCell.swift */; };
		F43C1E642607E80700A0BA8D /* ComicsViewController.swift in Sources */ = {isa = PBXBuildFile; fileRef = F43C1E632607E80700A0BA8D /* ComicsViewController.swift */; };
		F4A615082607C745006C4090 /* AppDelegate.swift in Sources */ = {isa = PBXBuildFile; fileRef = F4A615072607C745006C4090 /* AppDelegate.swift */; };
		F4A6150A2607C745006C4090 /* SceneDelegate.swift in Sources */ = {isa = PBXBuildFile; fileRef = F4A615092607C745006C4090 /* SceneDelegate.swift */; };
		F4A6150F2607C745006C4090 /* Main.storyboard in Resources */ = {isa = PBXBuildFile; fileRef = F4A6150D2607C745006C4090 /* Main.storyboard */; };
		F4A615112607C746006C4090 /* Assets.xcassets in Resources */ = {isa = PBXBuildFile; fileRef = F4A615102607C746006C4090 /* Assets.xcassets */; };
		F4A615142607C746006C4090 /* LaunchScreen.storyboard in Resources */ = {isa = PBXBuildFile; fileRef = F4A615122607C746006C4090 /* LaunchScreen.storyboard */; };
		F4A6151F2607C746006C4090 /* Marvel_APPTests.swift in Sources */ = {isa = PBXBuildFile; fileRef = F4A6151E2607C746006C4090 /* Marvel_APPTests.swift */; };
		F4A6152A2607C747006C4090 /* Marvel_APPUITests.swift in Sources */ = {isa = PBXBuildFile; fileRef = F4A615292607C747006C4090 /* Marvel_APPUITests.swift */; };
		F4A6154C2607C816006C4090 /* Gotham-Font in Resources */ = {isa = PBXBuildFile; fileRef = F4A6154B2607C816006C4090 /* Gotham-Font */; };
		F4A615512607D1E9006C4090 /* DesignableView.swift in Sources */ = {isa = PBXBuildFile; fileRef = F4A615502607D1E9006C4090 /* DesignableView.swift */; };
		F4B519EB26089C6A003864E2 /* ComicsDetailViewController.swift in Sources */ = {isa = PBXBuildFile; fileRef = F4B519EA26089C6A003864E2 /* ComicsDetailViewController.swift */; };
		F4D5F3BC26082A3600B2E293 /* ComicsRequest.swift in Sources */ = {isa = PBXBuildFile; fileRef = F4D5F3BB26082A3600B2E293 /* ComicsRequest.swift */; };
		F4D5F3CD2608379800B2E293 /* Extensions.swift in Sources */ = {isa = PBXBuildFile; fileRef = F4D5F3CC2608379800B2E293 /* Extensions.swift */; };
		F4D5F3D526084F4200B2E293 /* Comics.swift in Sources */ = {isa = PBXBuildFile; fileRef = F4D5F3D426084F4200B2E293 /* Comics.swift */; };
/* End PBXBuildFile section */

/* Begin PBXContainerItemProxy section */
		F4A6151B2607C746006C4090 /* PBXContainerItemProxy */ = {
			isa = PBXContainerItemProxy;
			containerPortal = F4A614FC2607C745006C4090 /* Project object */;
			proxyType = 1;
			remoteGlobalIDString = F4A615032607C745006C4090;
			remoteInfo = "Marvel APP";
		};
		F4A615262607C747006C4090 /* PBXContainerItemProxy */ = {
			isa = PBXContainerItemProxy;
			containerPortal = F4A614FC2607C745006C4090 /* Project object */;
			proxyType = 1;
			remoteGlobalIDString = F4A615032607C745006C4090;
			remoteInfo = "Marvel APP";
		};
/* End PBXContainerItemProxy section */

/* Begin PBXFileReference section */
		15B37AD9DC99439AAD6551E7 /* Pods-Marvel APP-Marvel APPUITests.release.xcconfig */ = {isa = PBXFileReference; includeInIndex = 1; lastKnownFileType = text.xcconfig; name = "Pods-Marvel APP-Marvel APPUITests.release.xcconfig"; path = "Target Support Files/Pods-Marvel APP-Marvel APPUITests/Pods-Marvel APP-Marvel APPUITests.release.xcconfig"; sourceTree = "<group>"; };
		1C97E33C5B141DD23A14B098 /* Pods_Marvel_APP_Marvel_APPUITests.framework */ = {isa = PBXFileReference; explicitFileType = wrapper.framework; includeInIndex = 0; path = Pods_Marvel_APP_Marvel_APPUITests.framework; sourceTree = BUILT_PRODUCTS_DIR; };
		32969E38E184E8B94AE119C3 /* Pods-Marvel APP.debug.xcconfig */ = {isa = PBXFileReference; includeInIndex = 1; lastKnownFileType = text.xcconfig; name = "Pods-Marvel APP.debug.xcconfig"; path = "Target Support Files/Pods-Marvel APP/Pods-Marvel APP.debug.xcconfig"; sourceTree = "<group>"; };
		631AB5AC84C0EEC2A0E819D6 /* Pods-Marvel APPTests.release.xcconfig */ = {isa = PBXFileReference; includeInIndex = 1; lastKnownFileType = text.xcconfig; name = "Pods-Marvel APPTests.release.xcconfig"; path = "Target Support Files/Pods-Marvel APPTests/Pods-Marvel APPTests.release.xcconfig"; sourceTree = "<group>"; };
		7F6E57021FEDEB0B49C99AB8 /* Pods-Marvel APPTests.debug.xcconfig */ = {isa = PBXFileReference; includeInIndex = 1; lastKnownFileType = text.xcconfig; name = "Pods-Marvel APPTests.debug.xcconfig"; path = "Target Support Files/Pods-Marvel APPTests/Pods-Marvel APPTests.debug.xcconfig"; sourceTree = "<group>"; };
		847A48DEA391AA06F7E5AB45 /* Pods-Marvel APP-Marvel APPUITests.debug.xcconfig */ = {isa = PBXFileReference; includeInIndex = 1; lastKnownFileType = text.xcconfig; name = "Pods-Marvel APP-Marvel APPUITests.debug.xcconfig"; path = "Target Support Files/Pods-Marvel APP-Marvel APPUITests/Pods-Marvel APP-Marvel APPUITests.debug.xcconfig"; sourceTree = "<group>"; };
		B644BFA07102C81EC0C58881 /* Pods-Marvel APP.release.xcconfig */ = {isa = PBXFileReference; includeInIndex = 1; lastKnownFileType = text.xcconfig; name = "Pods-Marvel APP.release.xcconfig"; path = "Target Support Files/Pods-Marvel APP/Pods-Marvel APP.release.xcconfig"; sourceTree = "<group>"; };
		F43C1E382607D7DD00A0BA8D /* LoginViewController.swift */ = {isa = PBXFileReference; lastKnownFileType = sourcecode.swift; path = LoginViewController.swift; sourceTree = "<group>"; };
		F43C1E4E2607DD5E00A0BA8D /* ComicsCell.xib */ = {isa = PBXFileReference; lastKnownFileType = file.xib; path = ComicsCell.xib; sourceTree = "<group>"; };
		F43C1E532607E0B300A0BA8D /* ComicsTableViewCell.swift */ = {isa = PBXFileReference; lastKnownFileType = sourcecode.swift; path = ComicsTableViewCell.swift; sourceTree = "<group>"; };
		F43C1E632607E80700A0BA8D /* ComicsViewController.swift */ = {isa = PBXFileReference; lastKnownFileType = sourcecode.swift; path = ComicsViewController.swift; sourceTree = "<group>"; };
		F4A615042607C745006C4090 /* Marvel APP.app */ = {isa = PBXFileReference; explicitFileType = wrapper.application; includeInIndex = 0; path = "Marvel APP.app"; sourceTree = BUILT_PRODUCTS_DIR; };
		F4A615072607C745006C4090 /* AppDelegate.swift */ = {isa = PBXFileReference; lastKnownFileType = sourcecode.swift; path = AppDelegate.swift; sourceTree = "<group>"; };
		F4A615092607C745006C4090 /* SceneDelegate.swift */ = {isa = PBXFileReference; lastKnownFileType = sourcecode.swift; path = SceneDelegate.swift; sourceTree = "<group>"; };
		F4A6150E2607C745006C4090 /* Base */ = {isa = PBXFileReference; lastKnownFileType = file.storyboard; name = Base; path = Base.lproj/Main.storyboard; sourceTree = "<group>"; };
		F4A615102607C746006C4090 /* Assets.xcassets */ = {isa = PBXFileReference; lastKnownFileType = folder.assetcatalog; path = Assets.xcassets; sourceTree = "<group>"; };
		F4A615132607C746006C4090 /* Base */ = {isa = PBXFileReference; lastKnownFileType = file.storyboard; name = Base; path = Base.lproj/LaunchScreen.storyboard; sourceTree = "<group>"; };
		F4A615152607C746006C4090 /* Info.plist */ = {isa = PBXFileReference; lastKnownFileType = text.plist.xml; path = Info.plist; sourceTree = "<group>"; };
		F4A6151A2607C746006C4090 /* Marvel APPTests.xctest */ = {isa = PBXFileReference; explicitFileType = wrapper.cfbundle; includeInIndex = 0; path = "Marvel APPTests.xctest"; sourceTree = BUILT_PRODUCTS_DIR; };
		F4A6151E2607C746006C4090 /* Marvel_APPTests.swift */ = {isa = PBXFileReference; lastKnownFileType = sourcecode.swift; path = Marvel_APPTests.swift; sourceTree = "<group>"; };
		F4A615202607C747006C4090 /* Info.plist */ = {isa = PBXFileReference; lastKnownFileType = text.plist.xml; path = Info.plist; sourceTree = "<group>"; };
		F4A615252607C747006C4090 /* Marvel APPUITests.xctest */ = {isa = PBXFileReference; explicitFileType = wrapper.cfbundle; includeInIndex = 0; path = "Marvel APPUITests.xctest"; sourceTree = BUILT_PRODUCTS_DIR; };
		F4A615292607C747006C4090 /* Marvel_APPUITests.swift */ = {isa = PBXFileReference; lastKnownFileType = sourcecode.swift; path = Marvel_APPUITests.swift; sourceTree = "<group>"; };
		F4A6152B2607C747006C4090 /* Info.plist */ = {isa = PBXFileReference; lastKnownFileType = text.plist.xml; path = Info.plist; sourceTree = "<group>"; };
		F4A6154B2607C816006C4090 /* Gotham-Font */ = {isa = PBXFileReference; lastKnownFileType = folder; name = "Gotham-Font"; path = "../../../../Desktop/Gotham-Font"; sourceTree = "<group>"; };
		F4A615502607D1E9006C4090 /* DesignableView.swift */ = {isa = PBXFileReference; lastKnownFileType = sourcecode.swift; path = DesignableView.swift; sourceTree = "<group>"; };
		F4B519EA26089C6A003864E2 /* ComicsDetailViewController.swift */ = {isa = PBXFileReference; lastKnownFileType = sourcecode.swift; path = ComicsDetailViewController.swift; sourceTree = "<group>"; };
		F4D5F3BB26082A3600B2E293 /* ComicsRequest.swift */ = {isa = PBXFileReference; lastKnownFileType = sourcecode.swift; path = ComicsRequest.swift; sourceTree = "<group>"; };
		F4D5F3CC2608379800B2E293 /* Extensions.swift */ = {isa = PBXFileReference; lastKnownFileType = sourcecode.swift; path = Extensions.swift; sourceTree = "<group>"; };
		F4D5F3D426084F4200B2E293 /* Comics.swift */ = {isa = PBXFileReference; lastKnownFileType = sourcecode.swift; path = Comics.swift; sourceTree = "<group>"; };
		F78825354EA1A16DBADE25A9 /* Pods_Marvel_APPTests.framework */ = {isa = PBXFileReference; explicitFileType = wrapper.framework; includeInIndex = 0; path = Pods_Marvel_APPTests.framework; sourceTree = BUILT_PRODUCTS_DIR; };
		F8B18AEA37406A833C95EA53 /* Pods_Marvel_APP.framework */ = {isa = PBXFileReference; explicitFileType = wrapper.framework; includeInIndex = 0; path = Pods_Marvel_APP.framework; sourceTree = BUILT_PRODUCTS_DIR; };
/* End PBXFileReference section */

/* Begin PBXFrameworksBuildPhase section */
		F4A615012607C745006C4090 /* Frameworks */ = {
			isa = PBXFrameworksBuildPhase;
			buildActionMask = 2147483647;
			files = (
				894A0E698417175C38061FE3 /* Pods_Marvel_APP.framework in Frameworks */,
			);
			runOnlyForDeploymentPostprocessing = 0;
		};
		F4A615172607C746006C4090 /* Frameworks */ = {
			isa = PBXFrameworksBuildPhase;
			buildActionMask = 2147483647;
			files = (
				262372FF7B7851FFCCEF2B2F /* Pods_Marvel_APPTests.framework in Frameworks */,
			);
			runOnlyForDeploymentPostprocessing = 0;
		};
		F4A615222607C747006C4090 /* Frameworks */ = {
			isa = PBXFrameworksBuildPhase;
			buildActionMask = 2147483647;
			files = (
				1C11B7AADA85DBF54218526C /* Pods_Marvel_APP_Marvel_APPUITests.framework in Frameworks */,
			);
			runOnlyForDeploymentPostprocessing = 0;
		};
/* End PBXFrameworksBuildPhase section */

/* Begin PBXGroup section */
		8E40E707248D73699351AF15 /* Frameworks */ = {
			isa = PBXGroup;
			children = (
				F8B18AEA37406A833C95EA53 /* Pods_Marvel_APP.framework */,
				1C97E33C5B141DD23A14B098 /* Pods_Marvel_APP_Marvel_APPUITests.framework */,
				F78825354EA1A16DBADE25A9 /* Pods_Marvel_APPTests.framework */,
			);
			name = Frameworks;
			sourceTree = "<group>";
		};
		EC287DFE25E5C248CD819919 /* Pods */ = {
			isa = PBXGroup;
			children = (
				32969E38E184E8B94AE119C3 /* Pods-Marvel APP.debug.xcconfig */,
				B644BFA07102C81EC0C58881 /* Pods-Marvel APP.release.xcconfig */,
				847A48DEA391AA06F7E5AB45 /* Pods-Marvel APP-Marvel APPUITests.debug.xcconfig */,
				15B37AD9DC99439AAD6551E7 /* Pods-Marvel APP-Marvel APPUITests.release.xcconfig */,
				7F6E57021FEDEB0B49C99AB8 /* Pods-Marvel APPTests.debug.xcconfig */,
				631AB5AC84C0EEC2A0E819D6 /* Pods-Marvel APPTests.release.xcconfig */,
			);
			path = Pods;
			sourceTree = "<group>";
		};
		F4A614FB2607C745006C4090 = {
			isa = PBXGroup;
			children = (
				F4A615062607C745006C4090 /* Marvel APP */,
				F4A6151D2607C746006C4090 /* Marvel APPTests */,
				F4A615282607C747006C4090 /* Marvel APPUITests */,
				F4A615052607C745006C4090 /* Products */,
				EC287DFE25E5C248CD819919 /* Pods */,
				8E40E707248D73699351AF15 /* Frameworks */,
			);
			sourceTree = "<group>";
		};
		F4A615052607C745006C4090 /* Products */ = {
			isa = PBXGroup;
			children = (
				F4A615042607C745006C4090 /* Marvel APP.app */,
				F4A6151A2607C746006C4090 /* Marvel APPTests.xctest */,
				F4A615252607C747006C4090 /* Marvel APPUITests.xctest */,
			);
			name = Products;
			sourceTree = "<group>";
		};
		F4A615062607C745006C4090 /* Marvel APP */ = {
			isa = PBXGroup;
			children = (
				F4A615072607C745006C4090 /* AppDelegate.swift */,
				F4A615092607C745006C4090 /* SceneDelegate.swift */,
				F4A615422607C7FE006C4090 /* Extensions */,
				F4B519F126089DCB003864E2 /* Storyboards */,
				F4A615102607C746006C4090 /* Assets.xcassets */,
				F4B519F226089DE2003864E2 /* Decodable */,
				F4D5F3C026082EFD00B2E293 /* View */,
				F4B519EF26089D87003864E2 /* Controllers */,
				F4A615152607C746006C4090 /* Info.plist */,
			);
			path = "Marvel APP";
			sourceTree = "<group>";
		};
		F4A6151D2607C746006C4090 /* Marvel APPTests */ = {
			isa = PBXGroup;
			children = (
				F4A6151E2607C746006C4090 /* Marvel_APPTests.swift */,
				F4A615202607C747006C4090 /* Info.plist */,
			);
			path = "Marvel APPTests";
			sourceTree = "<group>";
		};
		F4A615282607C747006C4090 /* Marvel APPUITests */ = {
			isa = PBXGroup;
			children = (
				F4A615292607C747006C4090 /* Marvel_APPUITests.swift */,
				F4A6152B2607C747006C4090 /* Info.plist */,
			);
			path = "Marvel APPUITests";
			sourceTree = "<group>";
		};
		F4A615422607C7FE006C4090 /* Extensions */ = {
			isa = PBXGroup;
			children = (
				F4D5F3CC2608379800B2E293 /* Extensions.swift */,
				F4A6154B2607C816006C4090 /* Gotham-Font */,
			);
			path = Extensions;
			sourceTree = "<group>";
		};
		F4B519EF26089D87003864E2 /* Controllers */ = {
			isa = PBXGroup;
			children = (
				F43C1E382607D7DD00A0BA8D /* LoginViewController.swift */,
				F4B519EA26089C6A003864E2 /* ComicsDetailViewController.swift */,
				F43C1E632607E80700A0BA8D /* ComicsViewController.swift */,
			);
			path = Controllers;
			sourceTree = "<group>";
		};
		F4B519F126089DCB003864E2 /* Storyboards */ = {
			isa = PBXGroup;
			children = (
				F4A615122607C746006C4090 /* LaunchScreen.storyboard */,
				F4A6150D2607C745006C4090 /* Main.storyboard */,
				F43C1E4E2607DD5E00A0BA8D /* ComicsCell.xib */,
			);
			path = Storyboards;
			sourceTree = "<group>";
		};
		F4B519F226089DE2003864E2 /* Decodable */ = {
			isa = PBXGroup;
			children = (
				F4D5F3BB26082A3600B2E293 /* ComicsRequest.swift */,
				F4D5F3D426084F4200B2E293 /* Comics.swift */,
			);
			path = Decodable;
			sourceTree = "<group>";
		};
		F4D5F3C026082EFD00B2E293 /* View */ = {
			isa = PBXGroup;
			children = (
				F43C1E532607E0B300A0BA8D /* ComicsTableViewCell.swift */,
				F4A615502607D1E9006C4090 /* DesignableView.swift */,
			);
			path = View;
			sourceTree = "<group>";
		};
/* End PBXGroup section */

/* Begin PBXNativeTarget section */
		F4A615032607C745006C4090 /* Marvel APP */ = {
			isa = PBXNativeTarget;
			buildConfigurationList = F4A6152E2607C747006C4090 /* Build configuration list for PBXNativeTarget "Marvel APP" */;
			buildPhases = (
				13887948E372912D51CCBAC9 /* [CP] Check Pods Manifest.lock */,
				F4A615002607C745006C4090 /* Sources */,
				F4A615012607C745006C4090 /* Frameworks */,
				F4A615022607C745006C4090 /* Resources */,
				347722B30B23A4C092EE1E90 /* [CP] Embed Pods Frameworks */,
			);
			buildRules = (
			);
			dependencies = (
			);
			name = "Marvel APP";
			productName = "Marvel APP";
			productReference = F4A615042607C745006C4090 /* Marvel APP.app */;
			productType = "com.apple.product-type.application";
		};
		F4A615192607C746006C4090 /* Marvel APPTests */ = {
			isa = PBXNativeTarget;
			buildConfigurationList = F4A615312607C747006C4090 /* Build configuration list for PBXNativeTarget "Marvel APPTests" */;
			buildPhases = (
				7D49CF36154A150ACE439A35 /* [CP] Check Pods Manifest.lock */,
				F4A615162607C746006C4090 /* Sources */,
				F4A615172607C746006C4090 /* Frameworks */,
				F4A615182607C746006C4090 /* Resources */,
			);
			buildRules = (
			);
			dependencies = (
				F4A6151C2607C746006C4090 /* PBXTargetDependency */,
			);
			name = "Marvel APPTests";
			productName = "Marvel APPTests";
			productReference = F4A6151A2607C746006C4090 /* Marvel APPTests.xctest */;
			productType = "com.apple.product-type.bundle.unit-test";
		};
		F4A615242607C747006C4090 /* Marvel APPUITests */ = {
			isa = PBXNativeTarget;
			buildConfigurationList = F4A615342607C747006C4090 /* Build configuration list for PBXNativeTarget "Marvel APPUITests" */;
			buildPhases = (
				E01DC3B37A152F2C60F46CA9 /* [CP] Check Pods Manifest.lock */,
				F4A615212607C747006C4090 /* Sources */,
				F4A615222607C747006C4090 /* Frameworks */,
				F4A615232607C747006C4090 /* Resources */,
				AF6235F011796288430704E2 /* [CP] Embed Pods Frameworks */,
			);
			buildRules = (
			);
			dependencies = (
				F4A615272607C747006C4090 /* PBXTargetDependency */,
			);
			name = "Marvel APPUITests";
			productName = "Marvel APPUITests";
			productReference = F4A615252607C747006C4090 /* Marvel APPUITests.xctest */;
			productType = "com.apple.product-type.bundle.ui-testing";
		};
/* End PBXNativeTarget section */

/* Begin PBXProject section */
		F4A614FC2607C745006C4090 /* Project object */ = {
			isa = PBXProject;
			attributes = {
				LastSwiftUpdateCheck = 1240;
				LastUpgradeCheck = 1240;
				TargetAttributes = {
					F4A615032607C745006C4090 = {
						CreatedOnToolsVersion = 12.4;
					};
					F4A615192607C746006C4090 = {
						CreatedOnToolsVersion = 12.4;
						TestTargetID = F4A615032607C745006C4090;
					};
					F4A615242607C747006C4090 = {
						CreatedOnToolsVersion = 12.4;
						TestTargetID = F4A615032607C745006C4090;
					};
				};
			};
			buildConfigurationList = F4A614FF2607C745006C4090 /* Build configuration list for PBXProject "Marvel APP" */;
			compatibilityVersion = "Xcode 9.3";
			developmentRegion = en;
			hasScannedForEncodings = 0;
			knownRegions = (
				en,
				Base,
			);
			mainGroup = F4A614FB2607C745006C4090;
			productRefGroup = F4A615052607C745006C4090 /* Products */;
			projectDirPath = "";
			projectRoot = "";
			targets = (
				F4A615032607C745006C4090 /* Marvel APP */,
				F4A615192607C746006C4090 /* Marvel APPTests */,
				F4A615242607C747006C4090 /* Marvel APPUITests */,
			);
		};
/* End PBXProject section */

/* Begin PBXResourcesBuildPhase section */
		F4A615022607C745006C4090 /* Resources */ = {
			isa = PBXResourcesBuildPhase;
			buildActionMask = 2147483647;
			files = (
				F4A615142607C746006C4090 /* LaunchScreen.storyboard in Resources */,
				F43C1E4F2607DD5E00A0BA8D /* ComicsCell.xib in Resources */,
				F4A615112607C746006C4090 /* Assets.xcassets in Resources */,
				F4A6150F2607C745006C4090 /* Main.storyboard in Resources */,
				F4A6154C2607C816006C4090 /* Gotham-Font in Resources */,
			);
			runOnlyForDeploymentPostprocessing = 0;
		};
		F4A615182607C746006C4090 /* Resources */ = {
			isa = PBXResourcesBuildPhase;
			buildActionMask = 2147483647;
			files = (
			);
			runOnlyForDeploymentPostprocessing = 0;
		};
		F4A615232607C747006C4090 /* Resources */ = {
			isa = PBXResourcesBuildPhase;
			buildActionMask = 2147483647;
			files = (
			);
			runOnlyForDeploymentPostprocessing = 0;
		};
/* End PBXResourcesBuildPhase section */

/* Begin PBXShellScriptBuildPhase section */
		13887948E372912D51CCBAC9 /* [CP] Check Pods Manifest.lock */ = {
			isa = PBXShellScriptBuildPhase;
			buildActionMask = 2147483647;
			files = (
			);
			inputFileListPaths = (
			);
			inputPaths = (
				"${PODS_PODFILE_DIR_PATH}/Podfile.lock",
				"${PODS_ROOT}/Manifest.lock",
			);
			name = "[CP] Check Pods Manifest.lock";
			outputFileListPaths = (
			);
			outputPaths = (
				"$(DERIVED_FILE_DIR)/Pods-Marvel APP-checkManifestLockResult.txt",
			);
			runOnlyForDeploymentPostprocessing = 0;
			shellPath = /bin/sh;
			shellScript = "diff \"${PODS_PODFILE_DIR_PATH}/Podfile.lock\" \"${PODS_ROOT}/Manifest.lock\" > /dev/null\nif [ $? != 0 ] ; then\n    # print error to STDERR\n    echo \"error: The sandbox is not in sync with the Podfile.lock. Run 'pod install' or update your CocoaPods installation.\" >&2\n    exit 1\nfi\n# This output is used by Xcode 'outputs' to avoid re-running this script phase.\necho \"SUCCESS\" > \"${SCRIPT_OUTPUT_FILE_0}\"\n";
			showEnvVarsInLog = 0;
		};
		347722B30B23A4C092EE1E90 /* [CP] Embed Pods Frameworks */ = {
			isa = PBXShellScriptBuildPhase;
			buildActionMask = 2147483647;
			files = (
			);
			inputFileListPaths = (
				"${PODS_ROOT}/Target Support Files/Pods-Marvel APP/Pods-Marvel APP-frameworks-${CONFIGURATION}-input-files.xcfilelist",
			);
			name = "[CP] Embed Pods Frameworks";
			outputFileListPaths = (
				"${PODS_ROOT}/Target Support Files/Pods-Marvel APP/Pods-Marvel APP-frameworks-${CONFIGURATION}-output-files.xcfilelist",
			);
			runOnlyForDeploymentPostprocessing = 0;
			shellPath = /bin/sh;
			shellScript = "\"${PODS_ROOT}/Target Support Files/Pods-Marvel APP/Pods-Marvel APP-frameworks.sh\"\n";
			showEnvVarsInLog = 0;
		};
		7D49CF36154A150ACE439A35 /* [CP] Check Pods Manifest.lock */ = {
			isa = PBXShellScriptBuildPhase;
			buildActionMask = 2147483647;
			files = (
			);
			inputFileListPaths = (
			);
			inputPaths = (
				"${PODS_PODFILE_DIR_PATH}/Podfile.lock",
				"${PODS_ROOT}/Manifest.lock",
			);
			name = "[CP] Check Pods Manifest.lock";
			outputFileListPaths = (
			);
			outputPaths = (
				"$(DERIVED_FILE_DIR)/Pods-Marvel APPTests-checkManifestLockResult.txt",
			);
			runOnlyForDeploymentPostprocessing = 0;
			shellPath = /bin/sh;
			shellScript = "diff \"${PODS_PODFILE_DIR_PATH}/Podfile.lock\" \"${PODS_ROOT}/Manifest.lock\" > /dev/null\nif [ $? != 0 ] ; then\n    # print error to STDERR\n    echo \"error: The sandbox is not in sync with the Podfile.lock. Run 'pod install' or update your CocoaPods installation.\" >&2\n    exit 1\nfi\n# This output is used by Xcode 'outputs' to avoid re-running this script phase.\necho \"SUCCESS\" > \"${SCRIPT_OUTPUT_FILE_0}\"\n";
			showEnvVarsInLog = 0;
		};
		AF6235F011796288430704E2 /* [CP] Embed Pods Frameworks */ = {
			isa = PBXShellScriptBuildPhase;
			buildActionMask = 2147483647;
			files = (
			);
			inputFileListPaths = (
				"${PODS_ROOT}/Target Support Files/Pods-Marvel APP-Marvel APPUITests/Pods-Marvel APP-Marvel APPUITests-frameworks-${CONFIGURATION}-input-files.xcfilelist",
			);
			name = "[CP] Embed Pods Frameworks";
			outputFileListPaths = (
				"${PODS_ROOT}/Target Support Files/Pods-Marvel APP-Marvel APPUITests/Pods-Marvel APP-Marvel APPUITests-frameworks-${CONFIGURATION}-output-files.xcfilelist",
			);
			runOnlyForDeploymentPostprocessing = 0;
			shellPath = /bin/sh;
			shellScript = "\"${PODS_ROOT}/Target Support Files/Pods-Marvel APP-Marvel APPUITests/Pods-Marvel APP-Marvel APPUITests-frameworks.sh\"\n";
			showEnvVarsInLog = 0;
		};
		E01DC3B37A152F2C60F46CA9 /* [CP] Check Pods Manifest.lock */ = {
			isa = PBXShellScriptBuildPhase;
			buildActionMask = 2147483647;
			files = (
			);
			inputFileListPaths = (
			);
			inputPaths = (
				"${PODS_PODFILE_DIR_PATH}/Podfile.lock",
				"${PODS_ROOT}/Manifest.lock",
			);
			name = "[CP] Check Pods Manifest.lock";
			outputFileListPaths = (
			);
			outputPaths = (
				"$(DERIVED_FILE_DIR)/Pods-Marvel APP-Marvel APPUITests-checkManifestLockResult.txt",
			);
			runOnlyForDeploymentPostprocessing = 0;
			shellPath = /bin/sh;
			shellScript = "diff \"${PODS_PODFILE_DIR_PATH}/Podfile.lock\" \"${PODS_ROOT}/Manifest.lock\" > /dev/null\nif [ $? != 0 ] ; then\n    # print error to STDERR\n    echo \"error: The sandbox is not in sync with the Podfile.lock. Run 'pod install' or update your CocoaPods installation.\" >&2\n    exit 1\nfi\n# This output is used by Xcode 'outputs' to avoid re-running this script phase.\necho \"SUCCESS\" > \"${SCRIPT_OUTPUT_FILE_0}\"\n";
			showEnvVarsInLog = 0;
		};
/* End PBXShellScriptBuildPhase section */

/* Begin PBXSourcesBuildPhase section */
		F4A615002607C745006C4090 /* Sources */ = {
			isa = PBXSourcesBuildPhase;
			buildActionMask = 2147483647;
			files = (
				F4A615512607D1E9006C4090 /* DesignableView.swift in Sources */,
				F4A615082607C745006C4090 /* AppDelegate.swift in Sources */,
				F4B519EB26089C6A003864E2 /* ComicsDetailViewController.swift in Sources */,
				F43C1E642607E80700A0BA8D /* ComicsViewController.swift in Sources */,
				F4D5F3D526084F4200B2E293 /* Comics.swift in Sources */,
				F43C1E542607E0B300A0BA8D /* ComicsTableViewCell.swift in Sources */,
				F43C1E392607D7DD00A0BA8D /* LoginViewController.swift in Sources */,
				F4D5F3BC26082A3600B2E293 /* ComicsRequest.swift in Sources */,
				F4A6150A2607C745006C4090 /* SceneDelegate.swift in Sources */,
				F4D5F3CD2608379800B2E293 /* Extensions.swift in Sources */,
			);
			runOnlyForDeploymentPostprocessing = 0;
		};
		F4A615162607C746006C4090 /* Sources */ = {
			isa = PBXSourcesBuildPhase;
			buildActionMask = 2147483647;
			files = (
				F4A6151F2607C746006C4090 /* Marvel_APPTests.swift in Sources */,
			);
			runOnlyForDeploymentPostprocessing = 0;
		};
		F4A615212607C747006C4090 /* Sources */ = {
			isa = PBXSourcesBuildPhase;
			buildActionMask = 2147483647;
			files = (
				F4A6152A2607C747006C4090 /* Marvel_APPUITests.swift in Sources */,
			);
			runOnlyForDeploymentPostprocessing = 0;
		};
/* End PBXSourcesBuildPhase section */

/* Begin PBXTargetDependency section */
		F4A6151C2607C746006C4090 /* PBXTargetDependency */ = {
			isa = PBXTargetDependency;
			target = F4A615032607C745006C4090 /* Marvel APP */;
			targetProxy = F4A6151B2607C746006C4090 /* PBXContainerItemProxy */;
		};
		F4A615272607C747006C4090 /* PBXTargetDependency */ = {
			isa = PBXTargetDependency;
			target = F4A615032607C745006C4090 /* Marvel APP */;
			targetProxy = F4A615262607C747006C4090 /* PBXContainerItemProxy */;
		};
/* End PBXTargetDependency section */

/* Begin PBXVariantGroup section */
		F4A6150D2607C745006C4090 /* Main.storyboard */ = {
			isa = PBXVariantGroup;
			children = (
				F4A6150E2607C745006C4090 /* Base */,
			);
			name = Main.storyboard;
			sourceTree = "<group>";
		};
		F4A615122607C746006C4090 /* LaunchScreen.storyboard */ = {
			isa = PBXVariantGroup;
			children = (
				F4A615132607C746006C4090 /* Base */,
			);
			name = LaunchScreen.storyboard;
			sourceTree = "<group>";
		};
/* End PBXVariantGroup section */

/* Begin XCBuildConfiguration section */
		F4A6152C2607C747006C4090 /* Debug */ = {
			isa = XCBuildConfiguration;
			buildSettings = {
				ALWAYS_SEARCH_USER_PATHS = NO;
				CLANG_ANALYZER_NONNULL = YES;
				CLANG_ANALYZER_NUMBER_OBJECT_CONVERSION = YES_AGGRESSIVE;
				CLANG_CXX_LANGUAGE_STANDARD = "gnu++14";
				CLANG_CXX_LIBRARY = "libc++";
				CLANG_ENABLE_MODULES = YES;
				CLANG_ENABLE_OBJC_ARC = YES;
				CLANG_ENABLE_OBJC_WEAK = YES;
				CLANG_WARN_BLOCK_CAPTURE_AUTORELEASING = YES;
				CLANG_WARN_BOOL_CONVERSION = YES;
				CLANG_WARN_COMMA = YES;
				CLANG_WARN_CONSTANT_CONVERSION = YES;
				CLANG_WARN_DEPRECATED_OBJC_IMPLEMENTATIONS = YES;
				CLANG_WARN_DIRECT_OBJC_ISA_USAGE = YES_ERROR;
				CLANG_WARN_DOCUMENTATION_COMMENTS = YES;
				CLANG_WARN_EMPTY_BODY = YES;
				CLANG_WARN_ENUM_CONVERSION = YES;
				CLANG_WARN_INFINITE_RECURSION = YES;
				CLANG_WARN_INT_CONVERSION = YES;
				CLANG_WARN_NON_LITERAL_NULL_CONVERSION = YES;
				CLANG_WARN_OBJC_IMPLICIT_RETAIN_SELF = YES;
				CLANG_WARN_OBJC_LITERAL_CONVERSION = YES;
				CLANG_WARN_OBJC_ROOT_CLASS = YES_ERROR;
				CLANG_WARN_QUOTED_INCLUDE_IN_FRAMEWORK_HEADER = YES;
				CLANG_WARN_RANGE_LOOP_ANALYSIS = YES;
				CLANG_WARN_STRICT_PROTOTYPES = YES;
				CLANG_WARN_SUSPICIOUS_MOVE = YES;
				CLANG_WARN_UNGUARDED_AVAILABILITY = YES_AGGRESSIVE;
				CLANG_WARN_UNREACHABLE_CODE = YES;
				CLANG_WARN__DUPLICATE_METHOD_MATCH = YES;
				COPY_PHASE_STRIP = NO;
				DEBUG_INFORMATION_FORMAT = dwarf;
				ENABLE_STRICT_OBJC_MSGSEND = YES;
				ENABLE_TESTABILITY = YES;
				GCC_C_LANGUAGE_STANDARD = gnu11;
				GCC_DYNAMIC_NO_PIC = NO;
				GCC_NO_COMMON_BLOCKS = YES;
				GCC_OPTIMIZATION_LEVEL = 0;
				GCC_PREPROCESSOR_DEFINITIONS = (
					"DEBUG=1",
					"$(inherited)",
				);
				GCC_WARN_64_TO_32_BIT_CONVERSION = YES;
				GCC_WARN_ABOUT_RETURN_TYPE = YES_ERROR;
				GCC_WARN_UNDECLARED_SELECTOR = YES;
				GCC_WARN_UNINITIALIZED_AUTOS = YES_AGGRESSIVE;
				GCC_WARN_UNUSED_FUNCTION = YES;
				GCC_WARN_UNUSED_VARIABLE = YES;
				IPHONEOS_DEPLOYMENT_TARGET = 14.4;
				MTL_ENABLE_DEBUG_INFO = INCLUDE_SOURCE;
				MTL_FAST_MATH = YES;
				ONLY_ACTIVE_ARCH = YES;
				SDKROOT = iphoneos;
				SWIFT_ACTIVE_COMPILATION_CONDITIONS = DEBUG;
				SWIFT_OPTIMIZATION_LEVEL = "-Onone";
			};
			name = Debug;
		};
		F4A6152D2607C747006C4090 /* Release */ = {
			isa = XCBuildConfiguration;
			buildSettings = {
				ALWAYS_SEARCH_USER_PATHS = NO;
				CLANG_ANALYZER_NONNULL = YES;
				CLANG_ANALYZER_NUMBER_OBJECT_CONVERSION = YES_AGGRESSIVE;
				CLANG_CXX_LANGUAGE_STANDARD = "gnu++14";
				CLANG_CXX_LIBRARY = "libc++";
				CLANG_ENABLE_MODULES = YES;
				CLANG_ENABLE_OBJC_ARC = YES;
				CLANG_ENABLE_OBJC_WEAK = YES;
				CLANG_WARN_BLOCK_CAPTURE_AUTORELEASING = YES;
				CLANG_WARN_BOOL_CONVERSION = YES;
				CLANG_WARN_COMMA = YES;
				CLANG_WARN_CONSTANT_CONVERSION = YES;
				CLANG_WARN_DEPRECATED_OBJC_IMPLEMENTATIONS = YES;
				CLANG_WARN_DIRECT_OBJC_ISA_USAGE = YES_ERROR;
				CLANG_WARN_DOCUMENTATION_COMMENTS = YES;
				CLANG_WARN_EMPTY_BODY = YES;
				CLANG_WARN_ENUM_CONVERSION = YES;
				CLANG_WARN_INFINITE_RECURSION = YES;
				CLANG_WARN_INT_CONVERSION = YES;
				CLANG_WARN_NON_LITERAL_NULL_CONVERSION = YES;
				CLANG_WARN_OBJC_IMPLICIT_RETAIN_SELF = YES;
				CLANG_WARN_OBJC_LITERAL_CONVERSION = YES;
				CLANG_WARN_OBJC_ROOT_CLASS = YES_ERROR;
				CLANG_WARN_QUOTED_INCLUDE_IN_FRAMEWORK_HEADER = YES;
				CLANG_WARN_RANGE_LOOP_ANALYSIS = YES;
				CLANG_WARN_STRICT_PROTOTYPES = YES;
				CLANG_WARN_SUSPICIOUS_MOVE = YES;
				CLANG_WARN_UNGUARDED_AVAILABILITY = YES_AGGRESSIVE;
				CLANG_WARN_UNREACHABLE_CODE = YES;
				CLANG_WARN__DUPLICATE_METHOD_MATCH = YES;
				COPY_PHASE_STRIP = NO;
				DEBUG_INFORMATION_FORMAT = "dwarf-with-dsym";
				ENABLE_NS_ASSERTIONS = NO;
				ENABLE_STRICT_OBJC_MSGSEND = YES;
				GCC_C_LANGUAGE_STANDARD = gnu11;
				GCC_NO_COMMON_BLOCKS = YES;
				GCC_WARN_64_TO_32_BIT_CONVERSION = YES;
				GCC_WARN_ABOUT_RETURN_TYPE = YES_ERROR;
				GCC_WARN_UNDECLARED_SELECTOR = YES;
				GCC_WARN_UNINITIALIZED_AUTOS = YES_AGGRESSIVE;
				GCC_WARN_UNUSED_FUNCTION = YES;
				GCC_WARN_UNUSED_VARIABLE = YES;
				IPHONEOS_DEPLOYMENT_TARGET = 14.4;
				MTL_ENABLE_DEBUG_INFO = NO;
				MTL_FAST_MATH = YES;
				SDKROOT = iphoneos;
				SWIFT_COMPILATION_MODE = wholemodule;
				SWIFT_OPTIMIZATION_LEVEL = "-O";
				VALIDATE_PRODUCT = YES;
			};
			name = Release;
		};
		F4A6152F2607C747006C4090 /* Debug */ = {
			isa = XCBuildConfiguration;
			baseConfigurationReference = 32969E38E184E8B94AE119C3 /* Pods-Marvel APP.debug.xcconfig */;
			buildSettings = {
				ASSETCATALOG_COMPILER_APPICON_NAME = AppIcon;
				ASSETCATALOG_COMPILER_GLOBAL_ACCENT_COLOR_NAME = AccentColor;
				CODE_SIGN_STYLE = Automatic;
				DEVELOPMENT_TEAM = 4VSRYAF2G9;
				INFOPLIST_FILE = "Marvel APP/Info.plist";
				LD_RUNPATH_SEARCH_PATHS = (
					"$(inherited)",
					"@executable_path/Frameworks",
				);
				PRODUCT_BUNDLE_IDENTIFIER = "com.raphaelfreschi.Marvel-APP";
				PRODUCT_NAME = "$(TARGET_NAME)";
				SWIFT_VERSION = 5.0;
				TARGETED_DEVICE_FAMILY = "1,2";
			};
			name = Debug;
		};
		F4A615302607C747006C4090 /* Release */ = {
			isa = XCBuildConfiguration;
			baseConfigurationReference = B644BFA07102C81EC0C58881 /* Pods-Marvel APP.release.xcconfig */;
			buildSettings = {
				ASSETCATALOG_COMPILER_APPICON_NAME = AppIcon;
				ASSETCATALOG_COMPILER_GLOBAL_ACCENT_COLOR_NAME = AccentColor;
				CODE_SIGN_STYLE = Automatic;
				DEVELOPMENT_TEAM = 4VSRYAF2G9;
				INFOPLIST_FILE = "Marvel APP/Info.plist";
				LD_RUNPATH_SEARCH_PATHS = (
					"$(inherited)",
					"@executable_path/Frameworks",
				);
				PRODUCT_BUNDLE_IDENTIFIER = "com.raphaelfreschi.Marvel-APP";
				PRODUCT_NAME = "$(TARGET_NAME)";
				SWIFT_VERSION = 5.0;
				TARGETED_DEVICE_FAMILY = "1,2";
			};
			name = Release;
		};
		F4A615322607C747006C4090 /* Debug */ = {
			isa = XCBuildConfiguration;
			baseConfigurationReference = 7F6E57021FEDEB0B49C99AB8 /* Pods-Marvel APPTests.debug.xcconfig */;
			buildSettings = {
				ALWAYS_EMBED_SWIFT_STANDARD_LIBRARIES = YES;
				BUNDLE_LOADER = "$(TEST_HOST)";
				CODE_SIGN_STYLE = Automatic;
				DEVELOPMENT_TEAM = 4VSRYAF2G9;
				INFOPLIST_FILE = "Marvel APPTests/Info.plist";
				IPHONEOS_DEPLOYMENT_TARGET = 14.4;
				LD_RUNPATH_SEARCH_PATHS = (
					"$(inherited)",
					"@executable_path/Frameworks",
					"@loader_path/Frameworks",
				);
				PRODUCT_BUNDLE_IDENTIFIER = "com.raphaelfreschi.Marvel-APPTests";
				PRODUCT_NAME = "$(TARGET_NAME)";
				SWIFT_VERSION = 5.0;
				TARGETED_DEVICE_FAMILY = "1,2";
				TEST_HOST = "$(BUILT_PRODUCTS_DIR)/Marvel APP.app/Marvel APP";
			};
			name = Debug;
		};
		F4A615332607C747006C4090 /* Release */ = {
			isa = XCBuildConfiguration;
			baseConfigurationReference = 631AB5AC84C0EEC2A0E819D6 /* Pods-Marvel APPTests.release.xcconfig */;
			buildSettings = {
				ALWAYS_EMBED_SWIFT_STANDARD_LIBRARIES = YES;
				BUNDLE_LOADER = "$(TEST_HOST)";
				CODE_SIGN_STYLE = Automatic;
				DEVELOPMENT_TEAM = 4VSRYAF2G9;
				INFOPLIST_FILE = "Marvel APPTests/Info.plist";
				IPHONEOS_DEPLOYMENT_TARGET = 14.4;
				LD_RUNPATH_SEARCH_PATHS = (
					"$(inherited)",
					"@executable_path/Frameworks",
					"@loader_path/Frameworks",
				);
				PRODUCT_BUNDLE_IDENTIFIER = "com.raphaelfreschi.Marvel-APPTests";
				PRODUCT_NAME = "$(TARGET_NAME)";
				SWIFT_VERSION = 5.0;
				TARGETED_DEVICE_FAMILY = "1,2";
				TEST_HOST = "$(BUILT_PRODUCTS_DIR)/Marvel APP.app/Marvel APP";
			};
			name = Release;
		};
		F4A615352607C747006C4090 /* Debug */ = {
			isa = XCBuildConfiguration;
			baseConfigurationReference = 847A48DEA391AA06F7E5AB45 /* Pods-Marvel APP-Marvel APPUITests.debug.xcconfig */;
			buildSettings = {
				ALWAYS_EMBED_SWIFT_STANDARD_LIBRARIES = YES;
				CODE_SIGN_STYLE = Automatic;
				DEVELOPMENT_TEAM = 4VSRYAF2G9;
				INFOPLIST_FILE = "Marvel APPUITests/Info.plist";
				LD_RUNPATH_SEARCH_PATHS = (
					"$(inherited)",
					"@executable_path/Frameworks",
					"@loader_path/Frameworks",
				);
				PRODUCT_BUNDLE_IDENTIFIER = "com.raphaelfreschi.Marvel-APPUITests";
				PRODUCT_NAME = "$(TARGET_NAME)";
				SWIFT_VERSION = 5.0;
				TARGETED_DEVICE_FAMILY = "1,2";
				TEST_TARGET_NAME = "Marvel APP";
			};
			name = Debug;
		};
		F4A615362607C747006C4090 /* Release */ = {
			isa = XCBuildConfiguration;
			baseConfigurationReference = 15B37AD9DC99439AAD6551E7 /* Pods-Marvel APP-Marvel APPUITests.release.xcconfig */;
			buildSettings = {
				ALWAYS_EMBED_SWIFT_STANDARD_LIBRARIES = YES;
				CODE_SIGN_STYLE = Automatic;
				DEVELOPMENT_TEAM = 4VSRYAF2G9;
				INFOPLIST_FILE = "Marvel APPUITests/Info.plist";
				LD_RUNPATH_SEARCH_PATHS = (
					"$(inherited)",
					"@executable_path/Frameworks",
					"@loader_path/Frameworks",
				);
				PRODUCT_BUNDLE_IDENTIFIER = "com.raphaelfreschi.Marvel-APPUITests";
				PRODUCT_NAME = "$(TARGET_NAME)";
				SWIFT_VERSION = 5.0;
				TARGETED_DEVICE_FAMILY = "1,2";
				TEST_TARGET_NAME = "Marvel APP";
			};
			name = Release;
		};
/* End XCBuildConfiguration section */

/* Begin XCConfigurationList section */
		F4A614FF2607C745006C4090 /* Build configuration list for PBXProject "Marvel APP" */ = {
			isa = XCConfigurationList;
			buildConfigurations = (
				F4A6152C2607C747006C4090 /* Debug */,
				F4A6152D2607C747006C4090 /* Release */,
			);
			defaultConfigurationIsVisible = 0;
			defaultConfigurationName = Release;
		};
		F4A6152E2607C747006C4090 /* Build configuration list for PBXNativeTarget "Marvel APP" */ = {
			isa = XCConfigurationList;
			buildConfigurations = (
				F4A6152F2607C747006C4090 /* Debug */,
				F4A615302607C747006C4090 /* Release */,
			);
			defaultConfigurationIsVisible = 0;
			defaultConfigurationName = Release;
		};
		F4A615312607C747006C4090 /* Build configuration list for PBXNativeTarget "Marvel APPTests" */ = {
			isa = XCConfigurationList;
			buildConfigurations = (
				F4A615322607C747006C4090 /* Debug */,
				F4A615332607C747006C4090 /* Release */,
			);
			defaultConfigurationIsVisible = 0;
			defaultConfigurationName = Release;
		};
		F4A615342607C747006C4090 /* Build configuration list for PBXNativeTarget "Marvel APPUITests" */ = {
			isa = XCConfigurationList;
			buildConfigurations = (
				F4A615352607C747006C4090 /* Debug */,
				F4A615362607C747006C4090 /* Release */,
			);
			defaultConfigurationIsVisible = 0;
			defaultConfigurationName = Release;
		};
/* End XCConfigurationList section */
	};
	rootObject = F4A614FC2607C745006C4090 /* Project object */;
}
